// !$*UTF8*$!
{
	archiveVersion = 1;
	classes = {
	};
	objectVersion = 56;
	objects = {

/* Begin PBXBuildFile section */
		9E9C06912F571B23007CB805 /* App/Localization.swift in Sources */ = {isa = PBXBuildFile; fileRef = 9E9C06902F571B23007CB805 /* App/Localization.swift */; };
		9EE26CB92F715E5600451088 /* Sparkle in Frameworks */ = {isa = PBXBuildFile; productRef = 9EE26CB82F715E5600451088 /* Sparkle */; };
		9EE26CBB2F7167A300451088 /* Bundle+AppInfo.swift in Sources */ = {isa = PBXBuildFile; fileRef = 9EE26CBA2F7167A300451088 /* Bundle+AppInfo.swift */; };
		AA000001 /* ClipboardHistoryApp.swift in Sources */ = {isa = PBXBuildFile; fileRef = AA000002 /* ClipboardHistoryApp.swift */; };
		AA000003 /* Views/MenuBarView.swift in Sources */ = {isa = PBXBuildFile; fileRef = AA000004 /* Views/MenuBarView.swift */; };
		AA000005 /* Models/ClipboardItem.swift in Sources */ = {isa = PBXBuildFile; fileRef = AA000006 /* Models/ClipboardItem.swift */; };
		AA00000B /* Managers/OCRManager.swift in Sources */ = {isa = PBXBuildFile; fileRef = AA00000C /* Managers/OCRManager.swift */; };
		AA00000D /* Managers/ClipboardMonitor.swift in Sources */ = {isa = PBXBuildFile; fileRef = AA00000E /* Managers/ClipboardMonitor.swift */; };
		AA000025 /* ViewModels/ClipboardViewModel.swift in Sources */ = {isa = PBXBuildFile; fileRef = AA000026 /* ViewModels/ClipboardViewModel.swift */; };
		AA000027 /* Views/MainPopoverView.swift in Sources */ = {isa = PBXBuildFile; fileRef = AA000028 /* Views/MainPopoverView.swift */; };
		AA000029 /* Views/ClipboardCardView.swift in Sources */ = {isa = PBXBuildFile; fileRef = AA00002A /* Views/ClipboardCardView.swift */; };
		AA00002B /* AppDelegate.swift in Sources */ = {isa = PBXBuildFile; fileRef = AA00002C /* AppDelegate.swift */; };
		AA00002F /* App/SettingsWindowController.swift in Sources */ = {isa = PBXBuildFile; fileRef = AA00002D /* App/SettingsWindowController.swift */; };
		AA000030 /* Views/SettingsView.swift in Sources */ = {isa = PBXBuildFile; fileRef = AA00002E /* Views/SettingsView.swift */; };
		AA000032 /* App/AppSettings.swift in Sources */ = {isa = PBXBuildFile; fileRef = AA000031 /* App/AppSettings.swift */; };
		AA000034 /* ServiceManagement.framework in Frameworks */ = {isa = PBXBuildFile; fileRef = AA000033 /* ServiceManagement.framework */; };
		AA00003D /* Assets.xcassets in Resources */ = {isa = PBXBuildFile; fileRef = AA00003C /* Assets.xcassets */; };
		AA00003E /* Localizable.strings in Resources */ = {isa = PBXBuildFile; fileRef = AA00003B /* Localizable.strings */; };
		AA000050 /* Views/AccentTintView.swift in Sources */ = {isa = PBXBuildFile; fileRef = AA000051 /* Views/AccentTintView.swift */; };
		AA000053 /* App/LogCapture.swift in Sources */ = {isa = PBXBuildFile; fileRef = AA000052 /* App/LogCapture.swift */; };
/* End PBXBuildFile section */

/* Begin PBXFileReference section */
		9E9C06902F571B23007CB805 /* App/Localization.swift */ = {isa = PBXFileReference; lastKnownFileType = sourcecode.swift; path = App/Localization.swift; sourceTree = SOURCE_ROOT; };
		9EE26CBA2F7167A300451088 /* Bundle+AppInfo.swift */ = {isa = PBXFileReference; lastKnownFileType = sourcecode.swift; path = "Bundle+AppInfo.swift"; sourceTree = "<group>"; };
		AA000002 /* ClipboardHistoryApp.swift */ = {isa = PBXFileReference; lastKnownFileType = sourcecode.swift; path = ClipboardHistoryApp.swift; sourceTree = "<group>"; };
		AA000004 /* Views/MenuBarView.swift */ = {isa = PBXFileReference; lastKnownFileType = sourcecode.swift; path = Views/MenuBarView.swift; sourceTree = SOURCE_ROOT; };
		AA000006 /* Models/ClipboardItem.swift */ = {isa = PBXFileReference; lastKnownFileType = sourcecode.swift; path = Models/ClipboardItem.swift; sourceTree = SOURCE_ROOT; };
		AA00000C /* Managers/OCRManager.swift */ = {isa = PBXFileReference; lastKnownFileType = sourcecode.swift; path = Managers/OCRManager.swift; sourceTree = SOURCE_ROOT; };
		AA00000E /* Managers/ClipboardMonitor.swift */ = {isa = PBXFileReference; lastKnownFileType = sourcecode.swift; path = Managers/ClipboardMonitor.swift; sourceTree = SOURCE_ROOT; };
		AA000011 /* ClipFeed.app */ = {isa = PBXFileReference; explicitFileType = wrapper.application; includeInIndex = 0; path = ClipFeed.app; sourceTree = BUILT_PRODUCTS_DIR; };
		AA000012 /* Info.plist */ = {isa = PBXFileReference; lastKnownFileType = text.plist.xml; path = Info.plist; sourceTree = "<group>"; };
		AA000026 /* ViewModels/ClipboardViewModel.swift */ = {isa = PBXFileReference; lastKnownFileType = sourcecode.swift; path = ViewModels/ClipboardViewModel.swift; sourceTree = SOURCE_ROOT; };
		AA000028 /* Views/MainPopoverView.swift */ = {isa = PBXFileReference; lastKnownFileType = sourcecode.swift; path = Views/MainPopoverView.swift; sourceTree = SOURCE_ROOT; };
		AA00002A /* Views/ClipboardCardView.swift */ = {isa = PBXFileReference; lastKnownFileType = sourcecode.swift; path = Views/ClipboardCardView.swift; sourceTree = SOURCE_ROOT; };
		AA00002C /* AppDelegate.swift */ = {isa = PBXFileReference; lastKnownFileType = sourcecode.swift; path = AppDelegate.swift; sourceTree = "<group>"; };
		AA00002D /* App/SettingsWindowController.swift */ = {isa = PBXFileReference; lastKnownFileType = sourcecode.swift; path = App/SettingsWindowController.swift; sourceTree = SOURCE_ROOT; };
		AA00002E /* Views/SettingsView.swift */ = {isa = PBXFileReference; lastKnownFileType = sourcecode.swift; path = Views/SettingsView.swift; sourceTree = SOURCE_ROOT; };
		AA000031 /* App/AppSettings.swift */ = {isa = PBXFileReference; lastKnownFileType = sourcecode.swift; path = App/AppSettings.swift; sourceTree = SOURCE_ROOT; };
		AA000033 /* ServiceManagement.framework */ = {isa = PBXFileReference; lastKnownFileType = wrapper.framework; name = ServiceManagement.framework; path = System/Library/Frameworks/ServiceManagement.framework; sourceTree = SDKROOT; };
		AA000039 /* en */ = {isa = PBXFileReference; lastKnownFileType = text.plist.strings; name = en; path = en.lproj/Localizable.strings; sourceTree = "<group>"; };
		AA00003A /* ja */ = {isa = PBXFileReference; lastKnownFileType = text.plist.strings; name = ja; path = ja.lproj/Localizable.strings; sourceTree = "<group>"; };
		AA00003C /* Assets.xcassets */ = {isa = PBXFileReference; lastKnownFileType = folder.assetcatalog; path = Assets.xcassets; sourceTree = "<group>"; };
		AA000051 /* Views/AccentTintView.swift */ = {isa = PBXFileReference; lastKnownFileType = sourcecode.swift; path = Views/AccentTintView.swift; sourceTree = SOURCE_ROOT; };
		AA000052 /* App/LogCapture.swift */ = {isa = PBXFileReference; lastKnownFileType = sourcecode.swift; path = App/LogCapture.swift; sourceTree = SOURCE_ROOT; };
/* End PBXFileReference section */

/* Begin PBXFrameworksBuildPhase section */
		AA000013 /* Frameworks */ = {
			isa = PBXFrameworksBuildPhase;
			buildActionMask = 2147483647;
			files = (
				AA000034 /* ServiceManagement.framework in Frameworks */,
				9EE26CB92F715E5600451088 /* Sparkle in Frameworks */,
			);
			runOnlyForDeploymentPostprocessing = 0;
		};
/* End PBXFrameworksBuildPhase section */

/* Begin PBXGroup section */
		9EC4084B2F53E35D0076ABB3 /* Recovered References */ = {
			isa = PBXGroup;
			children = (
				AA000033 /* ServiceManagement.framework */,
			);
			name = "Recovered References";
			sourceTree = "<group>";
		};
		AA000014 = {
			isa = PBXGroup;
			children = (
				AA00003C /* Assets.xcassets */,
				AA00004B /* App */,
				AA000040 /* Core */,
				AA000044 /* Features */,
				AA000012 /* Info.plist */,
				AA00003B /* Localizable.strings */,
				AA00001A /* Products */,
				9EC4084B2F53E35D0076ABB3 /* Recovered References */,
			);
			sourceTree = "<group>";
		};
		AA00001A /* Products */ = {
			isa = PBXGroup;
			children = (
				AA000011 /* ClipFeed.app */,
			);
			name = Products;
			sourceTree = "<group>";
		};
		AA000040 /* Core */ = {
			isa = PBXGroup;
			children = (
				AA000041 /* Localization */,
				AA000043 /* OCR */,
			);
			name = Core;
			sourceTree = "<group>";
		};
		AA000041 /* Localization */ = {
			isa = PBXGroup;
			children = (
				9E9C06902F571B23007CB805 /* App/Localization.swift */,
			);
			name = Localization;
			sourceTree = "<group>";
		};
		AA000043 /* OCR */ = {
			isa = PBXGroup;
			children = (
				AA00000C /* Managers/OCRManager.swift */,
			);
			name = OCR;
			sourceTree = "<group>";
		};
		AA000044 /* Features */ = {
			isa = PBXGroup;
			children = (
				AA000045 /* Clipboard */,
				AA00004A /* Settings */,
			);
			name = Features;
			sourceTree = "<group>";
		};
		AA000045 /* Clipboard */ = {
			isa = PBXGroup;
			children = (
				AA000046 /* Managers */,
				AA000047 /* Models */,
				AA000048 /* ViewModels */,
				AA000049 /* Views */,
			);
			name = Clipboard;
			sourceTree = "<group>";
		};
		AA000046 /* Managers */ = {
			isa = PBXGroup;
			children = (
				AA00000E /* Managers/ClipboardMonitor.swift */,
			);
			name = Managers;
			sourceTree = "<group>";
		};
		AA000047 /* Models */ = {
			isa = PBXGroup;
			children = (
				AA000006 /* Models/ClipboardItem.swift */,
			);
			name = Models;
			sourceTree = "<group>";
		};
		AA000048 /* ViewModels */ = {
			isa = PBXGroup;
			children = (
				AA000026 /* ViewModels/ClipboardViewModel.swift */,
			);
			name = ViewModels;
			sourceTree = "<group>";
		};
		AA000049 /* Views */ = {
			isa = PBXGroup;
			children = (
				AA000051 /* Views/AccentTintView.swift */,
				AA000004 /* Views/MenuBarView.swift */,
				AA000028 /* Views/MainPopoverView.swift */,
				AA00002A /* Views/ClipboardCardView.swift */,
			);
			name = Views;
			sourceTree = "<group>";
		};
		AA00004A /* Settings */ = {
			isa = PBXGroup;
			children = (
				AA00002E /* Views/SettingsView.swift */,
				AA00002D /* App/SettingsWindowController.swift */,
				AA000031 /* App/AppSettings.swift */,
				AA000052 /* App/LogCapture.swift */,
			);
			name = Settings;
			sourceTree = "<group>";
		};
		AA00004B /* App */ = {
			isa = PBXGroup;
			children = (
				9EE26CBA2F7167A300451088 /* Bundle+AppInfo.swift */,
				AA000002 /* ClipboardHistoryApp.swift */,
				AA00002C /* AppDelegate.swift */,
			);
			path = App;
			sourceTree = "<group>";
		};
/* End PBXGroup section */

/* Begin PBXNativeTarget section */
		AA00001B /* ClipboardHistory */ = {
			isa = PBXNativeTarget;
			buildConfigurationList = AA00001C /* Build configuration list for PBXNativeTarget "ClipboardHistory" */;
			buildPhases = (
				AA00001D /* Sources */,
				AA000013 /* Frameworks */,
				AA00001E /* Resources */,
			);
			buildRules = (
			);
			dependencies = (
			);
			name = ClipboardHistory;
			productName = ClipboardHistory;
			productReference = AA000011 /* ClipFeed.app */;
			productType = "com.apple.product-type.application";
		};
/* End PBXNativeTarget section */

/* Begin PBXProject section */
		AA00001F /* Project object */ = {
			isa = PBXProject;
			attributes = {
				BuildIndependentTargetsInParallel = 1;
				LastSwiftUpdateCheck = 1500;
				LastUpgradeCheck = 2620;
				TargetAttributes = {
					AA00001B = {
						CreatedOnToolsVersion = 15.0;
					};
				};
			};
			buildConfigurationList = AA000020 /* Build configuration list for PBXProject "ClipboardHistory" */;
			compatibilityVersion = "Xcode 14.0";
			developmentRegion = ja;
			hasScannedForEncodings = 0;
			knownRegions = (
				ja,
				en,
				Base,
			);
			mainGroup = AA000014;
			packageReferences = (
				9EE26CB72F715E5600451088 /* XCRemoteSwiftPackageReference "Sparkle" */,
			);
			productRefGroup = AA00001A /* Products */;
			projectDirPath = "";
			projectRoot = "";
			targets = (
				AA00001B /* ClipboardHistory */,
			);
		};
/* End PBXProject section */

/* Begin PBXResourcesBuildPhase section */
		AA00001E /* Resources */ = {
			isa = PBXResourcesBuildPhase;
			buildActionMask = 2147483647;
			files = (
				AA00003D /* Assets.xcassets in Resources */,
				AA00003E /* Localizable.strings in Resources */,
			);
			runOnlyForDeploymentPostprocessing = 0;
		};
/* End PBXResourcesBuildPhase section */

/* Begin PBXSourcesBuildPhase section */
		AA00001D /* Sources */ = {
			isa = PBXSourcesBuildPhase;
			buildActionMask = 2147483647;
			files = (
				AA000001 /* ClipboardHistoryApp.swift in Sources */,
				9EE26CBB2F7167A300451088 /* Bundle+AppInfo.swift in Sources */,
				AA00002B /* AppDelegate.swift in Sources */,
				AA000003 /* Views/MenuBarView.swift in Sources */,
				AA000005 /* Models/ClipboardItem.swift in Sources */,
				AA00000B /* Managers/OCRManager.swift in Sources */,
				AA00000D /* Managers/ClipboardMonitor.swift in Sources */,
				AA000025 /* ViewModels/ClipboardViewModel.swift in Sources */,
				AA000027 /* Views/MainPopoverView.swift in Sources */,
				AA000029 /* Views/ClipboardCardView.swift in Sources */,
				AA00002F /* App/SettingsWindowController.swift in Sources */,
				AA000030 /* Views/SettingsView.swift in Sources */,
				AA000050 /* Views/AccentTintView.swift in Sources */,
				9E9C06912F571B23007CB805 /* App/Localization.swift in Sources */,
				AA000032 /* App/AppSettings.swift in Sources */,
				AA000053 /* App/LogCapture.swift in Sources */,
			);
			runOnlyForDeploymentPostprocessing = 0;
		};
/* End PBXSourcesBuildPhase section */

/* Begin PBXVariantGroup section */
		AA00003B /* Localizable.strings */ = {
			isa = PBXVariantGroup;
			children = (
				AA000039 /* en */,
				AA00003A /* ja */,
			);
			name = Localizable.strings;
			sourceTree = "<group>";
		};
/* End PBXVariantGroup section */

/* Begin XCBuildConfiguration section */
		AA000021 /* Debug */ = {
			isa = XCBuildConfiguration;
			buildSettings = {
				ALWAYS_SEARCH_USER_PATHS = NO;
				ASSETCATALOG_COMPILER = apple;
				CLANG_ANALYZER_NONNULL = YES;
				CLANG_ANALYZER_NUMBER_OBJECT_CONVERSION = YES_AGGRESSIVE;
				CLANG_CXX_LANGUAGE_STANDARD = "gnu++20";
				CLANG_ENABLE_MODULES = YES;
				CLANG_ENABLE_OBJC_ARC = YES;
				CLANG_ENABLE_OBJC_WEAK = YES;
				CLANG_WARN_BLOCK_CAPTURE_AUTORELEASING = YES;
				CLANG_WARN_BOOL_CONVERSION = YES;
				CLANG_WARN_COMMA = YES;
				CLANG_WARN_CONSTANT_CONVERSION = YES;
				CLANG_WARN_DEPRECATED_OBJC_IMPLEMENTATIONS = YES;
				CLANG_WARN_DIRECT_OBJC_ISA_USAGE = YES_ERROR;
				CLANG_WARN_DOCUMENTATION_COMMENTS = YES;
				CLANG_WARN_EMPTY_BODY = YES;
				CLANG_WARN_ENUM_CONVERSION = YES;
				CLANG_WARN_INFINITE_RECURSION = YES;
				CLANG_WARN_INT_CONVERSION = YES;
				CLANG_WARN_NON_LITERAL_NULL_CONVERSION = YES;
				CLANG_WARN_OBJC_IMPLICIT_RETAIN_SELF = YES;
				CLANG_WARN_OBJC_LITERAL_CONVERSION = YES;
				CLANG_WARN_OBJC_ROOT_CLASS = YES_ERROR;
				CLANG_WARN_QUOTED_INCLUDE_IN_FRAMEWORK_HEADER = YES;
				CLANG_WARN_RANGE_LOOP_ANALYSIS = YES;
				CLANG_WARN_STRICT_PROTOTYPES = YES;
				CLANG_WARN_SUSPICIOUS_MOVE = YES;
				CLANG_WARN_UNGUARDED_AVAILABILITY = YES_AGGRESSIVE;
				CLANG_WARN_UNREACHABLE_CODE = YES;
				CLANG_WARN__DUPLICATE_METHOD_MATCH = YES;
				COPY_PHASE_STRIP = NO;
				DEAD_CODE_STRIPPING = YES;
				DEBUG_INFORMATION_FORMAT = dwarf;
				ENABLE_STRICT_OBJC_MSGSEND = YES;
				ENABLE_TESTABILITY = YES;
				ENABLE_USER_SCRIPT_SANDBOXING = YES;
				GCC_C_LANGUAGE_STANDARD = gnu17;
				GCC_DYNAMIC_NO_PIC = NO;
				GCC_NO_COMMON_BLOCKS = YES;
				GCC_OPTIMIZATION_LEVEL = 0;
				GCC_PREPROCESSOR_DEFINITIONS = (
					"DEBUG=1",
					"$(inherited)",
				);
				GCC_WARN_64_TO_32_BIT_CONVERSION = YES;
				GCC_WARN_ABOUT_RETURN_TYPE = YES_ERROR;
				GCC_WARN_UNDECLARED_SELECTOR = YES;
				GCC_WARN_UNINITIALIZED_AUTOS = YES_AGGRESSIVE;
				GCC_WARN_UNUSED_FUNCTION = YES;
				GCC_WARN_UNUSED_VARIABLE = YES;
				LOCALIZATION_PREFERS_STRING_CATALOGS = YES;
				MACOSX_DEPLOYMENT_TARGET = 13.0;
				MTL_ENABLE_DEBUG_INFO = INCLUDE_SOURCE;
				MTL_FAST_MATH = YES;
				ONLY_ACTIVE_ARCH = YES;
				SDKROOT = macosx;
				STRING_CATALOG_GENERATE_SYMBOLS = YES;
				SWIFT_ACTIVE_COMPILATION_CONDITIONS = "DEBUG $(inherited)";
				SWIFT_OPTIMIZATION_LEVEL = "-Onone";
			};
			name = Debug;
		};
		AA000022 /* Release */ = {
			isa = XCBuildConfiguration;
			buildSettings = {
				ALWAYS_SEARCH_USER_PATHS = NO;
				ASSETCATALOG_COMPILER = apple;
				CLANG_ANALYZER_NONNULL = YES;
				CLANG_ANALYZER_NUMBER_OBJECT_CONVERSION = YES_AGGRESSIVE;
				CLANG_CXX_LANGUAGE_STANDARD = "gnu++20";
				CLANG_ENABLE_MODULES = YES;
				CLANG_ENABLE_OBJC_ARC = YES;
				CLANG_ENABLE_OBJC_WEAK = YES;
				CLANG_WARN_BLOCK_CAPTURE_AUTORELEASING = YES;
				CLANG_WARN_BOOL_CONVERSION = YES;
				CLANG_WARN_COMMA = YES;
				CLANG_WARN_CONSTANT_CONVERSION = YES;
				CLANG_WARN_DEPRECATED_OBJC_IMPLEMENTATIONS = YES;
				CLANG_WARN_DIRECT_OBJC_ISA_USAGE = YES_ERROR;
				CLANG_WARN_DOCUMENTATION_COMMENTS = YES;
				CLANG_WARN_EMPTY_BODY = YES;
				CLANG_WARN_ENUM_CONVERSION = YES;
				CLANG_WARN_INFINITE_RECURSION = YES;
				CLANG_WARN_INT_CONVERSION = YES;
				CLANG_WARN_NON_LITERAL_NULL_CONVERSION = YES;
				CLANG_WARN_OBJC_IMPLICIT_RETAIN_SELF = YES;
				CLANG_WARN_OBJC_LITERAL_CONVERSION = YES;
				CLANG_WARN_OBJC_ROOT_CLASS = YES_ERROR;
				CLANG_WARN_QUOTED_INCLUDE_IN_FRAMEWORK_HEADER = YES;
				CLANG_WARN_RANGE_LOOP_ANALYSIS = YES;
				CLANG_WARN_STRICT_PROTOTYPES = YES;
				CLANG_WARN_SUSPICIOUS_MOVE = YES;
				CLANG_WARN_UNGUARDED_AVAILABILITY = YES_AGGRESSIVE;
				CLANG_WARN_UNREACHABLE_CODE = YES;
				CLANG_WARN__DUPLICATE_METHOD_MATCH = YES;
				COPY_PHASE_STRIP = NO;
				DEAD_CODE_STRIPPING = YES;
				DEBUG_INFORMATION_FORMAT = "dwarf-with-dsym";
				ENABLE_NS_ASSERTIONS = NO;
				ENABLE_STRICT_OBJC_MSGSEND = YES;
				ENABLE_USER_SCRIPT_SANDBOXING = YES;
				GCC_C_LANGUAGE_STANDARD = gnu17;
				GCC_NO_COMMON_BLOCKS = YES;
				GCC_WARN_64_TO_32_BIT_CONVERSION = YES;
				GCC_WARN_ABOUT_RETURN_TYPE = YES_ERROR;
				GCC_WARN_UNDECLARED_SELECTOR = YES;
				GCC_WARN_UNINITIALIZED_AUTOS = YES_AGGRESSIVE;
				GCC_WARN_UNUSED_FUNCTION = YES;
				GCC_WARN_UNUSED_VARIABLE = YES;
				LOCALIZATION_PREFERS_STRING_CATALOGS = YES;
				MACOSX_DEPLOYMENT_TARGET = 13.0;
				MTL_ENABLE_DEBUG_INFO = NO;
				MTL_FAST_MATH = YES;
				SDKROOT = macosx;
				STRING_CATALOG_GENERATE_SYMBOLS = YES;
				SWIFT_COMPILATION_MODE = wholemodule;
			};
			name = Release;
		};
		AA000023 /* Debug */ = {
			isa = XCBuildConfiguration;
			buildSettings = {
				ASSETCATALOG_COMPILER_APPICON_NAME = AppIcon;
				ASSETCATALOG_COMPILER_GLOBAL_ACCENT_COLOR_NAME = AccentColor;
				CODE_SIGN_ENTITLEMENTS = "";
				"CODE_SIGN_IDENTITY[sdk=macosx*]" = "Apple Development";
				CODE_SIGN_STYLE = Automatic;
				COMBINE_HIDPI_IMAGES = YES;
				CURRENT_PROJECT_VERSION = 3;
				DEAD_CODE_STRIPPING = YES;
				DEVELOPMENT_ASSET_PATHS = "";
				DEVELOPMENT_TEAM = 49DPFSUDS9;
				ENABLE_HARDENED_RUNTIME = YES;
				ENABLE_PREVIEWS = YES;
				GENERATE_INFOPLIST_FILE = YES;
				INFOPLIST_FILE = Info.plist;
				INFOPLIST_KEY_CFBundleDevelopmentRegion = ja;
				INFOPLIST_KEY_CFBundleDisplayName = ClipFeed;
				INFOPLIST_KEY_LSApplicationCategoryType = "public.app-category.productivity";
				INFOPLIST_KEY_LSUIElement = YES;
				INFOPLIST_KEY_NSHumanReadableCopyright = "";
				LD_RUNPATH_SEARCH_PATHS = (
					"$(inherited)",
					"@executable_path/../Frameworks",
				);
				MARKETING_VERSION = 1.0.3;
				PRODUCT_BUNDLE_IDENTIFIER = "jp.c-c-meguchan.clipfeed";
				PRODUCT_NAME = ClipFeed;
				SWIFT_EMIT_LOC_STRINGS = YES;
				SWIFT_VERSION = 5.0;
			};
			name = Debug;
		};
		AA000024 /* Release */ = {
			isa = XCBuildConfiguration;
			buildSettings = {
				ASSETCATALOG_COMPILER_APPICON_NAME = AppIcon;
				ASSETCATALOG_COMPILER_GLOBAL_ACCENT_COLOR_NAME = AccentColor;
				CODE_SIGN_ENTITLEMENTS = "";
				CODE_SIGN_IDENTITY = "Apple Development";
				"CODE_SIGN_IDENTITY[sdk=macosx*]" = "Apple Development";
				CODE_SIGN_STYLE = Automatic;
				COMBINE_HIDPI_IMAGES = YES;
				CURRENT_PROJECT_VERSION = 3;
				DEAD_CODE_STRIPPING = YES;
				DEVELOPMENT_ASSET_PATHS = "";
				DEVELOPMENT_TEAM = 49DPFSUDS9;
				ENABLE_HARDENED_RUNTIME = YES;
				ENABLE_PREVIEWS = YES;
				GENERATE_INFOPLIST_FILE = YES;
				INFOPLIST_FILE = Info.plist;
				INFOPLIST_KEY_CFBundleDevelopmentRegion = ja;
				INFOPLIST_KEY_CFBundleDisplayName = ClipFeed;
				INFOPLIST_KEY_LSApplicationCategoryType = "public.app-category.productivity";
				INFOPLIST_KEY_LSUIElement = YES;
				INFOPLIST_KEY_NSHumanReadableCopyright = "";
				LD_RUNPATH_SEARCH_PATHS = (
					"$(inherited)",
					"@executable_path/../Frameworks",
				);
				MARKETING_VERSION = 1.0.3;
				PRODUCT_BUNDLE_IDENTIFIER = "jp.c-c-meguchan.clipfeed";
				PRODUCT_NAME = ClipFeed;
				PROVISIONING_PROFILE_SPECIFIER = "";
				SWIFT_EMIT_LOC_STRINGS = YES;
				SWIFT_VERSION = 5.0;
			};
			name = Release;
		};
/* End XCBuildConfiguration section */

/* Begin XCConfigurationList section */
		AA00001C /* Build configuration list for PBXNativeTarget "ClipboardHistory" */ = {
			isa = XCConfigurationList;
			buildConfigurations = (
				AA000023 /* Debug */,
				AA000024 /* Release */,
			);
			defaultConfigurationIsVisible = 0;
			defaultConfigurationName = Release;
		};
		AA000020 /* Build configuration list for PBXProject "ClipboardHistory" */ = {
			isa = XCConfigurationList;
			buildConfigurations = (
				AA000021 /* Debug */,
				AA000022 /* Release */,
			);
			defaultConfigurationIsVisible = 0;
			defaultConfigurationName = Release;
		};
/* End XCConfigurationList section */

/* Begin XCRemoteSwiftPackageReference section */
		9EE26CB72F715E5600451088 /* XCRemoteSwiftPackageReference "Sparkle" */ = {
			isa = XCRemoteSwiftPackageReference;
			repositoryURL = "https://github.com/sparkle-project/Sparkle";
			requirement = {
				kind = upToNextMajorVersion;
				minimumVersion = 2.0.0;
			};
		};
/* End XCRemoteSwiftPackageReference section */

/* Begin XCSwiftPackageProductDependency section */
		9EE26CB82F715E5600451088 /* Sparkle */ = {
			isa = XCSwiftPackageProductDependency;
			package = 9EE26CB72F715E5600451088 /* XCRemoteSwiftPackageReference "Sparkle" */;
			productName = Sparkle;
		};
/* End XCSwiftPackageProductDependency section */
	};
	rootObject = AA00001F /* Project object */;
}
